
Microsoft Visual Studio Solution File, Format Version 12.00
# Visual Studio Version 16
VisualStudioVersion = 16.0.30804.86
MinimumVisualStudioVersion = 10.0.40219.1
Project("{FAE04EC0-301F-11D3-BF4B-00C04F79EFBC}") = "sdp2", "sdp2.csproj", "{6CD0CF76-CB61-47DE-80AE-CD474D30BC5F}"
EndProject
Global
	GlobalSection(SolutionConfigurationPlatforms) = preSolution
		Debug|Any CPU = Debug|Any CPU
		Release|Any CPU = Release|Any CPU
	EndGlobalSection
	GlobalSection(ProjectConfigurationPlatforms) = postSolution
		{6CD0CF76-CB61-47DE-80AE-CD474D30BC5F}.Debug|Any CPU.ActiveCfg = Debug|Any CPU
		{6CD0CF76-CB61-47DE-80AE-CD474D30BC5F}.Debug|Any CPU.Build.0 = Debug|Any CPU
		{6CD0CF76-CB61-47DE-80AE-CD474D30BC5F}.Release|Any CPU.ActiveCfg = Release|Any CPU
		{6CD0CF76-CB61-47DE-80AE-CD474D30BC5F}.Release|Any CPU.Build.0 = Release|Any CPU
	EndGlobalSection
	GlobalSection(SolutionProperties) = preSolution
		HideSolutionNode = FALSE
	EndGlobalSection
	GlobalSection(ExtensibilityGlobals) = postSolution
		SolutionGuid = {E6A57AA5-D17F-463E-85F3-30C754ED7ED3}
	EndGlobalSection
EndGlobal
